// !$*UTF8*$!
{
	archiveVersion = 1;
	classes = {
	};
	objectVersion = 50;
	objects = {

/* Begin PBXBuildFile section */
		53733F072422597000B7072D /* AppDelegate.swift in Sources */ = {isa = PBXBuildFile; fileRef = 53733F062422597000B7072D /* AppDelegate.swift */; };
		53733F092422597000B7072D /* SceneDelegate.swift in Sources */ = {isa = PBXBuildFile; fileRef = 53733F082422597000B7072D /* SceneDelegate.swift */; };
		53733F0B2422597000B7072D /* ViewController.swift in Sources */ = {isa = PBXBuildFile; fileRef = 53733F0A2422597000B7072D /* ViewController.swift */; };
		53733F0E2422597000B7072D /* Main.storyboard in Resources */ = {isa = PBXBuildFile; fileRef = 53733F0C2422597000B7072D /* Main.storyboard */; };
		53733F102422597200B7072D /* Assets.xcassets in Resources */ = {isa = PBXBuildFile; fileRef = 53733F0F2422597200B7072D /* Assets.xcassets */; };
		53733F132422597200B7072D /* LaunchScreen.storyboard in Resources */ = {isa = PBXBuildFile; fileRef = 53733F112422597200B7072D /* LaunchScreen.storyboard */; };
		53733F1C24225AA900B7072D /* FiltersViewController.swift in Sources */ = {isa = PBXBuildFile; fileRef = 53733F1B24225AA900B7072D /* FiltersViewController.swift */; };
		53733F1F2422666D00B7072D /* FiltersTableViewCell.swift in Sources */ = {isa = PBXBuildFile; fileRef = 53733F1E2422666D00B7072D /* FiltersTableViewCell.swift */; };
		53733F21242267C000B7072D /* ViewCode.swift in Sources */ = {isa = PBXBuildFile; fileRef = 53733F20242267C000B7072D /* ViewCode.swift */; };
		53733F242422979400B7072D /* FiltersCollectionViewCell.swift in Sources */ = {isa = PBXBuildFile; fileRef = 53733F232422979400B7072D /* FiltersCollectionViewCell.swift */; };
		53733F272422B1EF00B7072D /* FiltersHeaderFooterView.swift in Sources */ = {isa = PBXBuildFile; fileRef = 53733F262422B1EF00B7072D /* FiltersHeaderFooterView.swift */; };
		53861B0E242412B500B7BA25 /* CustomViewFlowLayout.swift in Sources */ = {isa = PBXBuildFile; fileRef = 53861B0D242412B500B7BA25 /* CustomViewFlowLayout.swift */; };
		539AF593242D408600431663 /* FiltersSheetViewController.swift in Sources */ = {isa = PBXBuildFile; fileRef = 539AF592242D408600431663 /* FiltersSheetViewController.swift */; };
		539AF59C242D52B700431663 /* UIViewController+Extensions.swift in Sources */ = {isa = PBXBuildFile; fileRef = 539AF59B242D52B700431663 /* UIViewController+Extensions.swift */; };
/* End PBXBuildFile section */

/* Begin PBXFileReference section */
		53733F032422597000B7072D /* FiltersInterfacePoc.app */ = {isa = PBXFileReference; explicitFileType = wrapper.application; includeInIndex = 0; path = FiltersInterfacePoc.app; sourceTree = BUILT_PRODUCTS_DIR; };
		53733F062422597000B7072D /* AppDelegate.swift */ = {isa = PBXFileReference; lastKnownFileType = sourcecode.swift; path = AppDelegate.swift; sourceTree = "<group>"; };
		53733F082422597000B7072D /* SceneDelegate.swift */ = {isa = PBXFileReference; lastKnownFileType = sourcecode.swift; path = SceneDelegate.swift; sourceTree = "<group>"; };
		53733F0A2422597000B7072D /* ViewController.swift */ = {isa = PBXFileReference; lastKnownFileType = sourcecode.swift; path = ViewController.swift; sourceTree = "<group>"; };
		53733F0D2422597000B7072D /* Base */ = {isa = PBXFileReference; lastKnownFileType = file.storyboard; name = Base; path = Base.lproj/Main.storyboard; sourceTree = "<group>"; };
		53733F0F2422597200B7072D /* Assets.xcassets */ = {isa = PBXFileReference; lastKnownFileType = folder.assetcatalog; path = Assets.xcassets; sourceTree = "<group>"; };
		53733F122422597200B7072D /* Base */ = {isa = PBXFileReference; lastKnownFileType = file.storyboard; name = Base; path = Base.lproj/LaunchScreen.storyboard; sourceTree = "<group>"; };
		53733F142422597200B7072D /* Info.plist */ = {isa = PBXFileReference; lastKnownFileType = text.plist.xml; path = Info.plist; sourceTree = "<group>"; };
		53733F1B24225AA900B7072D /* FiltersViewController.swift */ = {isa = PBXFileReference; lastKnownFileType = sourcecode.swift; path = FiltersViewController.swift; sourceTree = "<group>"; };
		53733F1E2422666D00B7072D /* FiltersTableViewCell.swift */ = {isa = PBXFileReference; lastKnownFileType = sourcecode.swift; path = FiltersTableViewCell.swift; sourceTree = "<group>"; };
		53733F20242267C000B7072D /* ViewCode.swift */ = {isa = PBXFileReference; lastKnownFileType = sourcecode.swift; path = ViewCode.swift; sourceTree = "<group>"; };
		53733F232422979400B7072D /* FiltersCollectionViewCell.swift */ = {isa = PBXFileReference; lastKnownFileType = sourcecode.swift; path = FiltersCollectionViewCell.swift; sourceTree = "<group>"; };
		53733F262422B1EF00B7072D /* FiltersHeaderFooterView.swift */ = {isa = PBXFileReference; lastKnownFileType = sourcecode.swift; path = FiltersHeaderFooterView.swift; sourceTree = "<group>"; };
		53861B0D242412B500B7BA25 /* CustomViewFlowLayout.swift */ = {isa = PBXFileReference; lastKnownFileType = sourcecode.swift; path = CustomViewFlowLayout.swift; sourceTree = "<group>"; };
		539AF592242D408600431663 /* FiltersSheetViewController.swift */ = {isa = PBXFileReference; lastKnownFileType = sourcecode.swift; path = FiltersSheetViewController.swift; sourceTree = "<group>"; };
		539AF59B242D52B700431663 /* UIViewController+Extensions.swift */ = {isa = PBXFileReference; lastKnownFileType = sourcecode.swift; path = "UIViewController+Extensions.swift"; sourceTree = "<group>"; };
/* End PBXFileReference section */

/* Begin PBXFrameworksBuildPhase section */
		53733F002422597000B7072D /* Frameworks */ = {
			isa = PBXFrameworksBuildPhase;
			buildActionMask = 2147483647;
			files = (
			);
			runOnlyForDeploymentPostprocessing = 0;
		};
/* End PBXFrameworksBuildPhase section */

/* Begin PBXGroup section */
		53733EFA2422597000B7072D = {
			isa = PBXGroup;
			children = (
				53733F052422597000B7072D /* FiltersInterfacePoc */,
				53733F042422597000B7072D /* Products */,
			);
			sourceTree = "<group>";
		};
		53733F042422597000B7072D /* Products */ = {
			isa = PBXGroup;
			children = (
				53733F032422597000B7072D /* FiltersInterfacePoc.app */,
			);
			name = Products;
			sourceTree = "<group>";
		};
		53733F052422597000B7072D /* FiltersInterfacePoc */ = {
			isa = PBXGroup;
			children = (
				539AF59A242D52A800431663 /* Extensions */,
				539AF596242D4A3300431663 /* Protocols */,
				53861B0C242412A900B7BA25 /* Helpers */,
				539AF595242D4A2600431663 /* Controllers */,
				539AF597242D4A4700431663 /* Storyboard */,
				539AF599242D4A7B00431663 /* Assets */,
				53733F062422597000B7072D /* AppDelegate.swift */,
				53733F082422597000B7072D /* SceneDelegate.swift */,
				53733F142422597200B7072D /* Info.plist */,
			);
			path = FiltersInterfacePoc;
			sourceTree = "<group>";
		};
		53733F1A24225A9100B7072D /* FiltersViewController */ = {
			isa = PBXGroup;
			children = (
				53733F252422B1D600B7072D /* FiltersHeaderFooterView */,
				53733F222422978300B7072D /* FiltersCollectionViewCell */,
				53733F1D2422664A00B7072D /* FiltersTableViewCell */,
				53733F1B24225AA900B7072D /* FiltersViewController.swift */,
			);
			path = FiltersViewController;
			sourceTree = "<group>";
		};
		53733F1D2422664A00B7072D /* FiltersTableViewCell */ = {
			isa = PBXGroup;
			children = (
				53733F1E2422666D00B7072D /* FiltersTableViewCell.swift */,
			);
			path = FiltersTableViewCell;
			sourceTree = "<group>";
		};
		53733F222422978300B7072D /* FiltersCollectionViewCell */ = {
			isa = PBXGroup;
			children = (
				53733F232422979400B7072D /* FiltersCollectionViewCell.swift */,
			);
			path = FiltersCollectionViewCell;
			sourceTree = "<group>";
		};
		53733F252422B1D600B7072D /* FiltersHeaderFooterView */ = {
			isa = PBXGroup;
			children = (
				53733F262422B1EF00B7072D /* FiltersHeaderFooterView.swift */,
			);
			path = FiltersHeaderFooterView;
			sourceTree = "<group>";
		};
		53861B0C242412A900B7BA25 /* Helpers */ = {
			isa = PBXGroup;
			children = (
				53861B0D242412B500B7BA25 /* CustomViewFlowLayout.swift */,
			);
			path = Helpers;
			sourceTree = "<group>";
		};
		539AF594242D4A1800431663 /* FiltersSheetViewController */ = {
			isa = PBXGroup;
			children = (
				539AF592242D408600431663 /* FiltersSheetViewController.swift */,
			);
			path = FiltersSheetViewController;
			sourceTree = "<group>";
		};
		539AF595242D4A2600431663 /* Controllers */ = {
			isa = PBXGroup;
			children = (
				53733F1A24225A9100B7072D /* FiltersViewController */,
				539AF594242D4A1800431663 /* FiltersSheetViewController */,
				53733F0A2422597000B7072D /* ViewController.swift */,
			);
			path = Controllers;
			sourceTree = "<group>";
		};
		539AF596242D4A3300431663 /* Protocols */ = {
			isa = PBXGroup;
			children = (
				53733F20242267C000B7072D /* ViewCode.swift */,
			);
			path = Protocols;
			sourceTree = "<group>";
		};
		539AF597242D4A4700431663 /* Storyboard */ = {
			isa = PBXGroup;
			children = (
				53733F0C2422597000B7072D /* Main.storyboard */,
				53733F112422597200B7072D /* LaunchScreen.storyboard */,
			);
			path = Storyboard;
			sourceTree = "<group>";
		};
		539AF599242D4A7B00431663 /* Assets */ = {
			isa = PBXGroup;
			children = (
				53733F0F2422597200B7072D /* Assets.xcassets */,
			);
			path = Assets;
			sourceTree = "<group>";
		};
		539AF59A242D52A800431663 /* Extensions */ = {
			isa = PBXGroup;
			children = (
				539AF59B242D52B700431663 /* UIViewController+Extensions.swift */,
			);
			path = Extensions;
			sourceTree = "<group>";
		};
/* End PBXGroup section */

/* Begin PBXNativeTarget section */
		53733F022422597000B7072D /* FiltersInterfacePoc */ = {
			isa = PBXNativeTarget;
			buildConfigurationList = 53733F172422597200B7072D /* Build configuration list for PBXNativeTarget "FiltersInterfacePoc" */;
			buildPhases = (
				53733EFF2422597000B7072D /* Sources */,
				53733F002422597000B7072D /* Frameworks */,
				53733F012422597000B7072D /* Resources */,
			);
			buildRules = (
			);
			dependencies = (
			);
			name = FiltersInterfacePoc;
			productName = FiltersInterfacePoc;
			productReference = 53733F032422597000B7072D /* FiltersInterfacePoc.app */;
			productType = "com.apple.product-type.application";
		};
/* End PBXNativeTarget section */

/* Begin PBXProject section */
		53733EFB2422597000B7072D /* Project object */ = {
			isa = PBXProject;
			attributes = {
				LastSwiftUpdateCheck = 1130;
				LastUpgradeCheck = 1130;
				ORGANIZATIONNAME = "Gabriel Pereira";
				TargetAttributes = {
					53733F022422597000B7072D = {
						CreatedOnToolsVersion = 11.3.1;
					};
				};
			};
			buildConfigurationList = 53733EFE2422597000B7072D /* Build configuration list for PBXProject "FiltersInterfacePoc" */;
			compatibilityVersion = "Xcode 9.3";
			developmentRegion = en;
			hasScannedForEncodings = 0;
			knownRegions = (
				en,
				Base,
			);
			mainGroup = 53733EFA2422597000B7072D;
			productRefGroup = 53733F042422597000B7072D /* Products */;
			projectDirPath = "";
			projectRoot = "";
			targets = (
				53733F022422597000B7072D /* FiltersInterfacePoc */,
			);
		};
/* End PBXProject section */

/* Begin PBXResourcesBuildPhase section */
		53733F012422597000B7072D /* Resources */ = {
			isa = PBXResourcesBuildPhase;
			buildActionMask = 2147483647;
			files = (
				53733F132422597200B7072D /* LaunchScreen.storyboard in Resources */,
				53733F102422597200B7072D /* Assets.xcassets in Resources */,
				53733F0E2422597000B7072D /* Main.storyboard in Resources */,
			);
			runOnlyForDeploymentPostprocessing = 0;
		};
/* End PBXResourcesBuildPhase section */

/* Begin PBXSourcesBuildPhase section */
		53733EFF2422597000B7072D /* Sources */ = {
			isa = PBXSourcesBuildPhase;
			buildActionMask = 2147483647;
			files = (
				53733F0B2422597000B7072D /* ViewController.swift in Sources */,
				53733F242422979400B7072D /* FiltersCollectionViewCell.swift in Sources */,
				53733F072422597000B7072D /* AppDelegate.swift in Sources */,
				53733F092422597000B7072D /* SceneDelegate.swift in Sources */,
				53733F272422B1EF00B7072D /* FiltersHeaderFooterView.swift in Sources */,
				53733F1F2422666D00B7072D /* FiltersTableViewCell.swift in Sources */,
				539AF59C242D52B700431663 /* UIViewController+Extensions.swift in Sources */,
				539AF593242D408600431663 /* FiltersSheetViewController.swift in Sources */,
				53733F1C24225AA900B7072D /* FiltersViewController.swift in Sources */,
				53733F21242267C000B7072D /* ViewCode.swift in Sources */,
				53861B0E242412B500B7BA25 /* CustomViewFlowLayout.swift in Sources */,
			);
			runOnlyForDeploymentPostprocessing = 0;
		};
/* End PBXSourcesBuildPhase section */

/* Begin PBXVariantGroup section */
		53733F0C2422597000B7072D /* Main.storyboard */ = {
			isa = PBXVariantGroup;
			children = (
				53733F0D2422597000B7072D /* Base */,
			);
			name = Main.storyboard;
			sourceTree = "<group>";
		};
		53733F112422597200B7072D /* LaunchScreen.storyboard */ = {
			isa = PBXVariantGroup;
			children = (
				53733F122422597200B7072D /* Base */,
			);
			name = LaunchScreen.storyboard;
			sourceTree = "<group>";
		};
/* End PBXVariantGroup section */

/* Begin XCBuildConfiguration section */
		53733F152422597200B7072D /* Debug */ = {
			isa = XCBuildConfiguration;
			buildSettings = {
				ALWAYS_SEARCH_USER_PATHS = NO;
				CLANG_ANALYZER_NONNULL = YES;
				CLANG_ANALYZER_NUMBER_OBJECT_CONVERSION = YES_AGGRESSIVE;
				CLANG_CXX_LANGUAGE_STANDARD = "gnu++14";
				CLANG_CXX_LIBRARY = "libc++";
				CLANG_ENABLE_MODULES = YES;
				CLANG_ENABLE_OBJC_ARC = YES;
				CLANG_ENABLE_OBJC_WEAK = YES;
				CLANG_WARN_BLOCK_CAPTURE_AUTORELEASING = YES;
				CLANG_WARN_BOOL_CONVERSION = YES;
				CLANG_WARN_COMMA = YES;
				CLANG_WARN_CONSTANT_CONVERSION = YES;
				CLANG_WARN_DEPRECATED_OBJC_IMPLEMENTATIONS = YES;
				CLANG_WARN_DIRECT_OBJC_ISA_USAGE = YES_ERROR;
				CLANG_WARN_DOCUMENTATION_COMMENTS = YES;
				CLANG_WARN_EMPTY_BODY = YES;
				CLANG_WARN_ENUM_CONVERSION = YES;
				CLANG_WARN_INFINITE_RECURSION = YES;
				CLANG_WARN_INT_CONVERSION = YES;
				CLANG_WARN_NON_LITERAL_NULL_CONVERSION = YES;
				CLANG_WARN_OBJC_IMPLICIT_RETAIN_SELF = YES;
				CLANG_WARN_OBJC_LITERAL_CONVERSION = YES;
				CLANG_WARN_OBJC_ROOT_CLASS = YES_ERROR;
				CLANG_WARN_RANGE_LOOP_ANALYSIS = YES;
				CLANG_WARN_STRICT_PROTOTYPES = YES;
				CLANG_WARN_SUSPICIOUS_MOVE = YES;
				CLANG_WARN_UNGUARDED_AVAILABILITY = YES_AGGRESSIVE;
				CLANG_WARN_UNREACHABLE_CODE = YES;
				CLANG_WARN__DUPLICATE_METHOD_MATCH = YES;
				COPY_PHASE_STRIP = NO;
				DEBUG_INFORMATION_FORMAT = dwarf;
				ENABLE_STRICT_OBJC_MSGSEND = YES;
				ENABLE_TESTABILITY = YES;
				GCC_C_LANGUAGE_STANDARD = gnu11;
				GCC_DYNAMIC_NO_PIC = NO;
				GCC_NO_COMMON_BLOCKS = YES;
				GCC_OPTIMIZATION_LEVEL = 0;
				GCC_PREPROCESSOR_DEFINITIONS = (
					"DEBUG=1",
					"$(inherited)",
				);
				GCC_WARN_64_TO_32_BIT_CONVERSION = YES;
				GCC_WARN_ABOUT_RETURN_TYPE = YES_ERROR;
				GCC_WARN_UNDECLARED_SELECTOR = YES;
				GCC_WARN_UNINITIALIZED_AUTOS = YES_AGGRESSIVE;
				GCC_WARN_UNUSED_FUNCTION = YES;
				GCC_WARN_UNUSED_VARIABLE = YES;
				IPHONEOS_DEPLOYMENT_TARGET = 13.2;
				MTL_ENABLE_DEBUG_INFO = INCLUDE_SOURCE;
				MTL_FAST_MATH = YES;
				ONLY_ACTIVE_ARCH = YES;
				SDKROOT = iphoneos;
				SWIFT_ACTIVE_COMPILATION_CONDITIONS = DEBUG;
				SWIFT_OPTIMIZATION_LEVEL = "-Onone";
			};
			name = Debug;
		};
		53733F162422597200B7072D /* Release */ = {
			isa = XCBuildConfiguration;
			buildSettings = {
				ALWAYS_SEARCH_USER_PATHS = NO;
				CLANG_ANALYZER_NONNULL = YES;
				CLANG_ANALYZER_NUMBER_OBJECT_CONVERSION = YES_AGGRESSIVE;
				CLANG_CXX_LANGUAGE_STANDARD = "gnu++14";
				CLANG_CXX_LIBRARY = "libc++";
				CLANG_ENABLE_MODULES = YES;
				CLANG_ENABLE_OBJC_ARC = YES;
				CLANG_ENABLE_OBJC_WEAK = YES;
				CLANG_WARN_BLOCK_CAPTURE_AUTORELEASING = YES;
				CLANG_WARN_BOOL_CONVERSION = YES;
				CLANG_WARN_COMMA = YES;
				CLANG_WARN_CONSTANT_CONVERSION = YES;
				CLANG_WARN_DEPRECATED_OBJC_IMPLEMENTATIONS = YES;
				CLANG_WARN_DIRECT_OBJC_ISA_USAGE = YES_ERROR;
				CLANG_WARN_DOCUMENTATION_COMMENTS = YES;
				CLANG_WARN_EMPTY_BODY = YES;
				CLANG_WARN_ENUM_CONVERSION = YES;
				CLANG_WARN_INFINITE_RECURSION = YES;
				CLANG_WARN_INT_CONVERSION = YES;
				CLANG_WARN_NON_LITERAL_NULL_CONVERSION = YES;
				CLANG_WARN_OBJC_IMPLICIT_RETAIN_SELF = YES;
				CLANG_WARN_OBJC_LITERAL_CONVERSION = YES;
				CLANG_WARN_OBJC_ROOT_CLASS = YES_ERROR;
				CLANG_WARN_RANGE_LOOP_ANALYSIS = YES;
				CLANG_WARN_STRICT_PROTOTYPES = YES;
				CLANG_WARN_SUSPICIOUS_MOVE = YES;
				CLANG_WARN_UNGUARDED_AVAILABILITY = YES_AGGRESSIVE;
				CLANG_WARN_UNREACHABLE_CODE = YES;
				CLANG_WARN__DUPLICATE_METHOD_MATCH = YES;
				COPY_PHASE_STRIP = NO;
				DEBUG_INFORMATION_FORMAT = "dwarf-with-dsym";
				ENABLE_NS_ASSERTIONS = NO;
				ENABLE_STRICT_OBJC_MSGSEND = YES;
				GCC_C_LANGUAGE_STANDARD = gnu11;
				GCC_NO_COMMON_BLOCKS = YES;
				GCC_WARN_64_TO_32_BIT_CONVERSION = YES;
				GCC_WARN_ABOUT_RETURN_TYPE = YES_ERROR;
				GCC_WARN_UNDECLARED_SELECTOR = YES;
				GCC_WARN_UNINITIALIZED_AUTOS = YES_AGGRESSIVE;
				GCC_WARN_UNUSED_FUNCTION = YES;
				GCC_WARN_UNUSED_VARIABLE = YES;
				IPHONEOS_DEPLOYMENT_TARGET = 13.2;
				MTL_ENABLE_DEBUG_INFO = NO;
				MTL_FAST_MATH = YES;
				SDKROOT = iphoneos;
				SWIFT_COMPILATION_MODE = wholemodule;
				SWIFT_OPTIMIZATION_LEVEL = "-O";
				VALIDATE_PRODUCT = YES;
			};
			name = Release;
		};
		53733F182422597200B7072D /* Debug */ = {
			isa = XCBuildConfiguration;
			buildSettings = {
				ASSETCATALOG_COMPILER_APPICON_NAME = AppIcon;
				CODE_SIGN_STYLE = Automatic;
				DEVELOPMENT_TEAM = 66KVYMKMC7;
				INFOPLIST_FILE = FiltersInterfacePoc/Info.plist;
				LD_RUNPATH_SEARCH_PATHS = (
					"$(inherited)",
					"@executable_path/Frameworks",
				);
				PRODUCT_BUNDLE_IDENTIFIER = br.com.gabrielhsp.FiltersInterfacePoc;
				PRODUCT_NAME = "$(TARGET_NAME)";
				SWIFT_VERSION = 5.0;
				TARGETED_DEVICE_FAMILY = "1,2";
			};
			name = Debug;
		};
		53733F192422597200B7072D /* Release */ = {
			isa = XCBuildConfiguration;
			buildSettings = {
				ASSETCATALOG_COMPILER_APPICON_NAME = AppIcon;
				CODE_SIGN_STYLE = Automatic;
				DEVELOPMENT_TEAM = 66KVYMKMC7;
				INFOPLIST_FILE = FiltersInterfacePoc/Info.plist;
				LD_RUNPATH_SEARCH_PATHS = (
					"$(inherited)",
					"@executable_path/Frameworks",
				);
				PRODUCT_BUNDLE_IDENTIFIER = br.com.gabrielhsp.FiltersInterfacePoc;
				PRODUCT_NAME = "$(TARGET_NAME)";
				SWIFT_VERSION = 5.0;
				TARGETED_DEVICE_FAMILY = "1,2";
			};
			name = Release;
		};
/* End XCBuildConfiguration section */

/* Begin XCConfigurationList section */
		53733EFE2422597000B7072D /* Build configuration list for PBXProject "FiltersInterfacePoc" */ = {
			isa = XCConfigurationList;
			buildConfigurations = (
				53733F152422597200B7072D /* Debug */,
				53733F162422597200B7072D /* Release */,
			);
			defaultConfigurationIsVisible = 0;
			defaultConfigurationName = Release;
		};
		53733F172422597200B7072D /* Build configuration list for PBXNativeTarget "FiltersInterfacePoc" */ = {
			isa = XCConfigurationList;
			buildConfigurations = (
				53733F182422597200B7072D /* Debug */,
				53733F192422597200B7072D /* Release */,
			);
			defaultConfigurationIsVisible = 0;
			defaultConfigurationName = Release;
		};
/* End XCConfigurationList section */
	};
	rootObject = 53733EFB2422597000B7072D /* Project object */;
}
